
Microsoft Visual Studio Solution File, Format Version 12.00
# Visual Studio Version 17
VisualStudioVersion = 17.10.35122.118
MinimumVisualStudioVersion = 10.0.40219.1
Project("{FAE04EC0-301F-11D3-BF4B-00C04F79EFBC}") = "adventofcode24", "adventofcode24\adventofcode24.csproj", "{D1FA3414-3446-4936-9D42-5CEB1355F151}"
EndProject
Global
	GlobalSection(SolutionConfigurationPlatforms) = preSolution
		Debug|Any CPU = Debug|Any CPU
		Release|Any CPU = Release|Any CPU
	EndGlobalSection
	GlobalSection(ProjectConfigurationPlatforms) = postSolution
		{D1FA3414-3446-4936-9D42-5CEB1355F151}.Debug|Any CPU.ActiveCfg = Debug|Any CPU
		{D1FA3414-3446-4936-9D42-5CEB1355F151}.Debug|Any CPU.Build.0 = Debug|Any CPU
		{D1FA3414-3446-4936-9D42-5CEB1355F151}.Release|Any CPU.ActiveCfg = Release|Any CPU
		{D1FA3414-3446-4936-9D42-5CEB1355F151}.Release|Any CPU.Build.0 = Release|Any CPU
	EndGlobalSection
	GlobalSection(SolutionProperties) = preSolution
		HideSolutionNode = FALSE
	EndGlobalSection
	GlobalSection(ExtensibilityGlobals) = postSolution
		SolutionGuid = {1304CB7B-D173-4C55-87E4-41A8C02033FF}
	EndGlobalSection
EndGlobal
